// !$*UTF8*$!
{
	archiveVersion = 1;
	classes = {
	};
	objectVersion = 77;
	objects = {

/* Begin PBXBuildFile section */
		099A170654FFDDC2D4E0BC1C /* GameController.framework in Frameworks */ = {isa = PBXBuildFile; fileRef = E06A0E6019C73A13376F3AA8 /* GameController.framework */; };
		09CA9A04A58EB952FD9E2647 /* TerminalCardView.swift in Sources */ = {isa = PBXBuildFile; fileRef = 5B61D1D946AB4D58440F9037 /* TerminalCardView.swift */; };
		0AAFF17D6D974C33C2B78D23 /* GitSummary.swift in Sources */ = {isa = PBXBuildFile; fileRef = 61E3F6DCCC50AD13A01CF515 /* GitSummary.swift */; };
		0C60C20C8B81CCB76C638A02 /* MainWindowToolbar.swift in Sources */ = {isa = PBXBuildFile; fileRef = 18A3064BA4D6ECBDE149114A /* MainWindowToolbar.swift */; };
		150858D7FAA8D42DF3548F50 /* GhosttyTerminalView+Input.swift in Sources */ = {isa = PBXBuildFile; fileRef = 209DDCDF14055F1D6EADC5F1 /* GhosttyTerminalView+Input.swift */; };
		1BCF3C7C65EE155F06E9B9C0 /* GhosttyRuntime.swift in Sources */ = {isa = PBXBuildFile; fileRef = 4EE5F503FC4DBBB023AE4800 /* GhosttyRuntime.swift */; };
		20975096E746279CA224C899 /* AppDelegate.swift in Sources */ = {isa = PBXBuildFile; fileRef = F431DF7876CA2807485B36CC /* AppDelegate.swift */; };
		2CD46DC0ACBEF416A30EE03C /* GitStatusProviding.swift in Sources */ = {isa = PBXBuildFile; fileRef = A7AFC29EE02A4EB6F0E4657B /* GitStatusProviding.swift */; };
		3152B7B51C559F087E366DAF /* GitStatusService.swift in Sources */ = {isa = PBXBuildFile; fileRef = 5B28048C896A7F369DB2D074 /* GitStatusService.swift */; };
		325B1F58EC1D0A21B78B51C0 /* Palette.swift in Sources */ = {isa = PBXBuildFile; fileRef = 83847971403AAA8A1E4FF79D /* Palette.swift */; };
		34E3B6AEA5154A7ED6AEBC00 /* ClosureButton.swift in Sources */ = {isa = PBXBuildFile; fileRef = 627D822E005B2A30CA6E7546 /* ClosureButton.swift */; };
		3A1B2845D5337DDD9F1FE905 /* HerdrSDK in Frameworks */ = {isa = PBXBuildFile; productRef = 8C67A9051645E3250C56549E /* HerdrSDK */; };
		3A302DB3E871E1A84B4D36D4 /* GitSummaryTests.swift in Sources */ = {isa = PBXBuildFile; fileRef = 99FF5CE23F80DB1F7ADBCA84 /* GitSummaryTests.swift */; };
		3CDF910070C1FF8A70078103 /* AppModel.swift in Sources */ = {isa = PBXBuildFile; fileRef = 842951AD2C5DBF4E8D0B2923 /* AppModel.swift */; };
		5A54373DCEC4EBE8CE68A693 /* SidebarViewController.swift in Sources */ = {isa = PBXBuildFile; fileRef = D34735E6171B79AE7C3D343C /* SidebarViewController.swift */; };
		6098FFFDB4404D557D92675E /* WorkspaceProjectionTests.swift in Sources */ = {isa = PBXBuildFile; fileRef = 5039C1396B41B6EF6B30A1D9 /* WorkspaceProjectionTests.swift */; };
		6C3FC5FB86D2CC7D64ABB713 /* SidebarRowView.swift in Sources */ = {isa = PBXBuildFile; fileRef = DF2C86D21BABB627B13815E4 /* SidebarRowView.swift */; };
		71D5EC86D4E854DD4E0F5565 /* WorkspaceTabCoordinator.swift in Sources */ = {isa = PBXBuildFile; fileRef = 9A01F3C23388F5173A9A25BD /* WorkspaceTabCoordinator.swift */; };
		73F1CDB6290FB8506193157C /* TerminalAreaViewController.swift in Sources */ = {isa = PBXBuildFile; fileRef = E8B1632B09D74D5E272B8499 /* TerminalAreaViewController.swift */; };
		800E4ED767ECE0B05E095A9C /* GhosttyTerminalView+Callbacks.swift in Sources */ = {isa = PBXBuildFile; fileRef = 6711F1BFB485AF16DDD255D4 /* GhosttyTerminalView+Callbacks.swift */; };
		965E8678C80B0F049449F3AF /* main.swift in Sources */ = {isa = PBXBuildFile; fileRef = AAD88BFD19151053A4350C48 /* main.swift */; };
		9A071485DC97112A86108A3A /* WorkspaceProjection.swift in Sources */ = {isa = PBXBuildFile; fileRef = FFC129A7C59FDDCF1595F3D7 /* WorkspaceProjection.swift */; };
		A1F33EED54E787CA1C265124 /* GhosttyKit.xcframework in Frameworks */ = {isa = PBXBuildFile; fileRef = 2344F5849AC1444D05FF7BAC /* GhosttyKit.xcframework */; };
		A9AA7D904A56BF7D2DB18014 /* AppKitIntegrationTests.swift in Sources */ = {isa = PBXBuildFile; fileRef = 028D9F565725B90FD773A835 /* AppKitIntegrationTests.swift */; };
		C2D3BBF5F7A1FD6920B1A5CC /* HerdrSDKLocal in Frameworks */ = {isa = PBXBuildFile; productRef = A56CA0EAF4E47BDDD8E87DA2 /* HerdrSDKLocal */; };
		D9707A578EB8AA74B51E2426 /* GhosttySurfaceGeometry.swift in Sources */ = {isa = PBXBuildFile; fileRef = 513CB2E1FC4382F7DAF25A1B /* GhosttySurfaceGeometry.swift */; };
		E6B2C9A987C4E5F9369F68FC /* AppearanceTests.swift in Sources */ = {isa = PBXBuildFile; fileRef = 2840DE10B63C1CCD9A59B6E1 /* AppearanceTests.swift */; };
		ECD3AE243106C679790E4F45 /* Carbon.framework in Frameworks */ = {isa = PBXBuildFile; fileRef = EA6EE6E193A66A9E5280102F /* Carbon.framework */; };
		EDD95C5DF2F833C0451CEFB4 /* AgentGroup.swift in Sources */ = {isa = PBXBuildFile; fileRef = FF6FF9BDD312DD5DA45A91C2 /* AgentGroup.swift */; };
		EED5476EDFD33719D7CFE09F /* MainSplitViewController.swift in Sources */ = {isa = PBXBuildFile; fileRef = DB938113EAD33DF759518255 /* MainSplitViewController.swift */; };
		FC46CC918F72EEDC028B645F /* GhosttyTerminalView.swift in Sources */ = {isa = PBXBuildFile; fileRef = 216AFCCC0E62F8FA3709B44C /* GhosttyTerminalView.swift */; };
/* End PBXBuildFile section */

/* Begin PBXContainerItemProxy section */
		8D0A42AB92EED1CDFC42C40F /* PBXContainerItemProxy */ = {
			isa = PBXContainerItemProxy;
			containerPortal = 76EACB87837AA1667F803F03 /* Project object */;
			proxyType = 1;
			remoteGlobalIDString = EBF459FF4724A41A1F7083FF;
			remoteInfo = Sheep;
		};
/* End PBXContainerItemProxy section */

/* Begin PBXFileReference section */
		028D9F565725B90FD773A835 /* AppKitIntegrationTests.swift */ = {isa = PBXFileReference; lastKnownFileType = sourcecode.swift; path = AppKitIntegrationTests.swift; sourceTree = "<group>"; };
		0473F1D911C4BEF3ECD7A548 /* HerdrSDK */ = {isa = PBXFileReference; lastKnownFileType = folder; name = HerdrSDK; path = Packages/HerdrSDK; sourceTree = SOURCE_ROOT; };
		18A3064BA4D6ECBDE149114A /* MainWindowToolbar.swift */ = {isa = PBXFileReference; lastKnownFileType = sourcecode.swift; path = MainWindowToolbar.swift; sourceTree = "<group>"; };
		209DDCDF14055F1D6EADC5F1 /* GhosttyTerminalView+Input.swift */ = {isa = PBXFileReference; lastKnownFileType = sourcecode.swift; path = "GhosttyTerminalView+Input.swift"; sourceTree = "<group>"; };
		216AFCCC0E62F8FA3709B44C /* GhosttyTerminalView.swift */ = {isa = PBXFileReference; lastKnownFileType = sourcecode.swift; path = GhosttyTerminalView.swift; sourceTree = "<group>"; };
		2344F5849AC1444D05FF7BAC /* GhosttyKit.xcframework */ = {isa = PBXFileReference; lastKnownFileType = wrapper.xcframework; name = GhosttyKit.xcframework; path = .repos/ghostty/macos/GhosttyKit.xcframework; sourceTree = "<group>"; };
		2840DE10B63C1CCD9A59B6E1 /* AppearanceTests.swift */ = {isa = PBXFileReference; lastKnownFileType = sourcecode.swift; path = AppearanceTests.swift; sourceTree = "<group>"; };
		4EE5F503FC4DBBB023AE4800 /* GhosttyRuntime.swift */ = {isa = PBXFileReference; lastKnownFileType = sourcecode.swift; path = GhosttyRuntime.swift; sourceTree = "<group>"; };
		5039C1396B41B6EF6B30A1D9 /* WorkspaceProjectionTests.swift */ = {isa = PBXFileReference; lastKnownFileType = sourcecode.swift; path = WorkspaceProjectionTests.swift; sourceTree = "<group>"; };
		513CB2E1FC4382F7DAF25A1B /* GhosttySurfaceGeometry.swift */ = {isa = PBXFileReference; lastKnownFileType = sourcecode.swift; path = GhosttySurfaceGeometry.swift; sourceTree = "<group>"; };
		5B28048C896A7F369DB2D074 /* GitStatusService.swift */ = {isa = PBXFileReference; lastKnownFileType = sourcecode.swift; path = GitStatusService.swift; sourceTree = "<group>"; };
		5B61D1D946AB4D58440F9037 /* TerminalCardView.swift */ = {isa = PBXFileReference; lastKnownFileType = sourcecode.swift; path = TerminalCardView.swift; sourceTree = "<group>"; };
		61E3F6DCCC50AD13A01CF515 /* GitSummary.swift */ = {isa = PBXFileReference; lastKnownFileType = sourcecode.swift; path = GitSummary.swift; sourceTree = "<group>"; };
		627D822E005B2A30CA6E7546 /* ClosureButton.swift */ = {isa = PBXFileReference; lastKnownFileType = sourcecode.swift; path = ClosureButton.swift; sourceTree = "<group>"; };
		6711F1BFB485AF16DDD255D4 /* GhosttyTerminalView+Callbacks.swift */ = {isa = PBXFileReference; lastKnownFileType = sourcecode.swift; path = "GhosttyTerminalView+Callbacks.swift"; sourceTree = "<group>"; };
		83847971403AAA8A1E4FF79D /* Palette.swift */ = {isa = PBXFileReference; lastKnownFileType = sourcecode.swift; path = Palette.swift; sourceTree = "<group>"; };
		842951AD2C5DBF4E8D0B2923 /* AppModel.swift */ = {isa = PBXFileReference; lastKnownFileType = sourcecode.swift; path = AppModel.swift; sourceTree = "<group>"; };
		99FF5CE23F80DB1F7ADBCA84 /* GitSummaryTests.swift */ = {isa = PBXFileReference; lastKnownFileType = sourcecode.swift; path = GitSummaryTests.swift; sourceTree = "<group>"; };
		9A01F3C23388F5173A9A25BD /* WorkspaceTabCoordinator.swift */ = {isa = PBXFileReference; lastKnownFileType = sourcecode.swift; path = WorkspaceTabCoordinator.swift; sourceTree = "<group>"; };
		A7AFC29EE02A4EB6F0E4657B /* GitStatusProviding.swift */ = {isa = PBXFileReference; lastKnownFileType = sourcecode.swift; path = GitStatusProviding.swift; sourceTree = "<group>"; };
		AAD88BFD19151053A4350C48 /* main.swift */ = {isa = PBXFileReference; lastKnownFileType = sourcecode.swift; path = main.swift; sourceTree = "<group>"; };
		D34735E6171B79AE7C3D343C /* SidebarViewController.swift */ = {isa = PBXFileReference; lastKnownFileType = sourcecode.swift; path = SidebarViewController.swift; sourceTree = "<group>"; };
		D93C27078727AA9D1A1121DC /* Sheep.app */ = {isa = PBXFileReference; explicitFileType = wrapper.application; includeInIndex = 0; path = Sheep.app; sourceTree = BUILT_PRODUCTS_DIR; };
		DB938113EAD33DF759518255 /* MainSplitViewController.swift */ = {isa = PBXFileReference; lastKnownFileType = sourcecode.swift; path = MainSplitViewController.swift; sourceTree = "<group>"; };
		DDEFD869F732B5000D9B8CA2 /* SheepTests.xctest */ = {isa = PBXFileReference; explicitFileType = wrapper.cfbundle; includeInIndex = 0; path = SheepTests.xctest; sourceTree = BUILT_PRODUCTS_DIR; };
		DF2C86D21BABB627B13815E4 /* SidebarRowView.swift */ = {isa = PBXFileReference; lastKnownFileType = sourcecode.swift; path = SidebarRowView.swift; sourceTree = "<group>"; };
		E06A0E6019C73A13376F3AA8 /* GameController.framework */ = {isa = PBXFileReference; lastKnownFileType = wrapper.framework; name = GameController.framework; path = System/Library/Frameworks/GameController.framework; sourceTree = SDKROOT; };
		E8B1632B09D74D5E272B8499 /* TerminalAreaViewController.swift */ = {isa = PBXFileReference; lastKnownFileType = sourcecode.swift; path = TerminalAreaViewController.swift; sourceTree = "<group>"; };
		EA6EE6E193A66A9E5280102F /* Carbon.framework */ = {isa = PBXFileReference; lastKnownFileType = wrapper.framework; name = Carbon.framework; path = System/Library/Frameworks/Carbon.framework; sourceTree = SDKROOT; };
		F431DF7876CA2807485B36CC /* AppDelegate.swift */ = {isa = PBXFileReference; lastKnownFileType = sourcecode.swift; path = AppDelegate.swift; sourceTree = "<group>"; };
		FF6FF9BDD312DD5DA45A91C2 /* AgentGroup.swift */ = {isa = PBXFileReference; lastKnownFileType = sourcecode.swift; path = AgentGroup.swift; sourceTree = "<group>"; };
		FFC129A7C59FDDCF1595F3D7 /* WorkspaceProjection.swift */ = {isa = PBXFileReference; lastKnownFileType = sourcecode.swift; path = WorkspaceProjection.swift; sourceTree = "<group>"; };
/* End PBXFileReference section */

/* Begin PBXFrameworksBuildPhase section */
		4ED7CBEF75F5F30E284380B8 /* Frameworks */ = {
			isa = PBXFrameworksBuildPhase;
			buildActionMask = 2147483647;
			files = (
				3A1B2845D5337DDD9F1FE905 /* HerdrSDK in Frameworks */,
				C2D3BBF5F7A1FD6920B1A5CC /* HerdrSDKLocal in Frameworks */,
				A1F33EED54E787CA1C265124 /* GhosttyKit.xcframework in Frameworks */,
				ECD3AE243106C679790E4F45 /* Carbon.framework in Frameworks */,
				099A170654FFDDC2D4E0BC1C /* GameController.framework in Frameworks */,
			);
			runOnlyForDeploymentPostprocessing = 0;
		};
/* End PBXFrameworksBuildPhase section */

/* Begin PBXGroup section */
		1658A02843B4F81E4982EE6A /* Tests */ = {
			isa = PBXGroup;
			children = (
				32A09B70745E449387FEE66F /* SheepTests */,
			);
			path = Tests;
			sourceTree = "<group>";
		};
		2F5A6FEF544A3665C07555B0 /* Frameworks */ = {
			isa = PBXGroup;
			children = (
				EA6EE6E193A66A9E5280102F /* Carbon.framework */,
				E06A0E6019C73A13376F3AA8 /* GameController.framework */,
				2344F5849AC1444D05FF7BAC /* GhosttyKit.xcframework */,
			);
			name = Frameworks;
			sourceTree = "<group>";
		};
		32A09B70745E449387FEE66F /* SheepTests */ = {
			isa = PBXGroup;
			children = (
				2840DE10B63C1CCD9A59B6E1 /* AppearanceTests.swift */,
				028D9F565725B90FD773A835 /* AppKitIntegrationTests.swift */,
				99FF5CE23F80DB1F7ADBCA84 /* GitSummaryTests.swift */,
				5039C1396B41B6EF6B30A1D9 /* WorkspaceProjectionTests.swift */,
			);
			path = SheepTests;
			sourceTree = "<group>";
		};
		331F48A8F876D279B67BBCAC /* Terminal */ = {
			isa = PBXGroup;
			children = (
				627D822E005B2A30CA6E7546 /* ClosureButton.swift */,
				4EE5F503FC4DBBB023AE4800 /* GhosttyRuntime.swift */,
				513CB2E1FC4382F7DAF25A1B /* GhosttySurfaceGeometry.swift */,
				216AFCCC0E62F8FA3709B44C /* GhosttyTerminalView.swift */,
				6711F1BFB485AF16DDD255D4 /* GhosttyTerminalView+Callbacks.swift */,
				209DDCDF14055F1D6EADC5F1 /* GhosttyTerminalView+Input.swift */,
				E8B1632B09D74D5E272B8499 /* TerminalAreaViewController.swift */,
				5B61D1D946AB4D58440F9037 /* TerminalCardView.swift */,
			);
			path = Terminal;
			sourceTree = "<group>";
		};
		4C7CEAD5697DD930608B6011 /* App */ = {
			isa = PBXGroup;
			children = (
				F431DF7876CA2807485B36CC /* AppDelegate.swift */,
				842951AD2C5DBF4E8D0B2923 /* AppModel.swift */,
				AAD88BFD19151053A4350C48 /* main.swift */,
			);
			path = App;
			sourceTree = "<group>";
		};
		5AAB0DDDF8DE74CB5816EDAD /* Products */ = {
			isa = PBXGroup;
			children = (
				D93C27078727AA9D1A1121DC /* Sheep.app */,
				DDEFD869F732B5000D9B8CA2 /* SheepTests.xctest */,
			);
			name = Products;
			sourceTree = "<group>";
		};
		771518A75163F116EC0AF128 /* Sidebar */ = {
			isa = PBXGroup;
			children = (
				FF6FF9BDD312DD5DA45A91C2 /* AgentGroup.swift */,
				DF2C86D21BABB627B13815E4 /* SidebarRowView.swift */,
				D34735E6171B79AE7C3D343C /* SidebarViewController.swift */,
			);
			path = Sidebar;
			sourceTree = "<group>";
		};
		8858C17C48ACB853B57CD7AF /* Packages */ = {
			isa = PBXGroup;
			children = (
				0473F1D911C4BEF3ECD7A548 /* HerdrSDK */,
			);
			path = Packages;
			sourceTree = "<group>";
		};
		8C38A3761DB95F2D1D549533 /* Workspace */ = {
			isa = PBXGroup;
			children = (
				A7AFC29EE02A4EB6F0E4657B /* GitStatusProviding.swift */,
				5B28048C896A7F369DB2D074 /* GitStatusService.swift */,
				61E3F6DCCC50AD13A01CF515 /* GitSummary.swift */,
				FFC129A7C59FDDCF1595F3D7 /* WorkspaceProjection.swift */,
			);
			path = Workspace;
			sourceTree = "<group>";
		};
		C5F07418AF13D20C160E732C = {
			isa = PBXGroup;
			children = (
				8858C17C48ACB853B57CD7AF /* Packages */,
				DCEF44F2724E65EA2A5BB55C /* Sources */,
				1658A02843B4F81E4982EE6A /* Tests */,
				2F5A6FEF544A3665C07555B0 /* Frameworks */,
				5AAB0DDDF8DE74CB5816EDAD /* Products */,
			);
			sourceTree = "<group>";
		};
		C633D2BA1A4DD979EF2A3119 /* Window */ = {
			isa = PBXGroup;
			children = (
				DB938113EAD33DF759518255 /* MainSplitViewController.swift */,
				18A3064BA4D6ECBDE149114A /* MainWindowToolbar.swift */,
				9A01F3C23388F5173A9A25BD /* WorkspaceTabCoordinator.swift */,
			);
			path = Window;
			sourceTree = "<group>";
		};
		DCEF44F2724E65EA2A5BB55C /* Sources */ = {
			isa = PBXGroup;
			children = (
				EC480A424241F525FC96A84B /* Sheep */,
			);
			path = Sources;
			sourceTree = "<group>";
		};
		EC480A424241F525FC96A84B /* Sheep */ = {
			isa = PBXGroup;
			children = (
				4C7CEAD5697DD930608B6011 /* App */,
				F622C537EDD87FC9D8A6E520 /* Design */,
				771518A75163F116EC0AF128 /* Sidebar */,
				331F48A8F876D279B67BBCAC /* Terminal */,
				C633D2BA1A4DD979EF2A3119 /* Window */,
				8C38A3761DB95F2D1D549533 /* Workspace */,
			);
			path = Sheep;
			sourceTree = "<group>";
		};
		F622C537EDD87FC9D8A6E520 /* Design */ = {
			isa = PBXGroup;
			children = (
				83847971403AAA8A1E4FF79D /* Palette.swift */,
			);
			path = Design;
			sourceTree = "<group>";
		};
/* End PBXGroup section */

/* Begin PBXNativeTarget section */
		0F33595B54724108238EB6B1 /* SheepTests */ = {
			isa = PBXNativeTarget;
			buildConfigurationList = 0C29543101E60BA0684C49EB /* Build configuration list for PBXNativeTarget "SheepTests" */;
			buildPhases = (
				FD3B46C9D6C73BC1CC0843D3 /* Sources */,
			);
			buildRules = (
			);
			dependencies = (
				C1164DCC4B57A097BCB208BE /* PBXTargetDependency */,
			);
			name = SheepTests;
			packageProductDependencies = (
			);
			productName = SheepTests;
			productReference = DDEFD869F732B5000D9B8CA2 /* SheepTests.xctest */;
			productType = "com.apple.product-type.bundle.unit-test";
		};
		EBF459FF4724A41A1F7083FF /* Sheep */ = {
			isa = PBXNativeTarget;
			buildConfigurationList = 11C188A337BF73D7CBB36C67 /* Build configuration list for PBXNativeTarget "Sheep" */;
			buildPhases = (
				1065998D92D2ABB1B8793E33 /* Sources */,
				4ED7CBEF75F5F30E284380B8 /* Frameworks */,
			);
			buildRules = (
			);
			dependencies = (
			);
			name = Sheep;
			packageProductDependencies = (
				8C67A9051645E3250C56549E /* HerdrSDK */,
				A56CA0EAF4E47BDDD8E87DA2 /* HerdrSDKLocal */,
			);
			productName = Sheep;
			productReference = D93C27078727AA9D1A1121DC /* Sheep.app */;
			productType = "com.apple.product-type.application";
		};
/* End PBXNativeTarget section */

/* Begin PBXProject section */
		76EACB87837AA1667F803F03 /* Project object */ = {
			isa = PBXProject;
			attributes = {
				BuildIndependentTargetsInParallel = YES;
				LastUpgradeCheck = 1430;
				TargetAttributes = {
				};
			};
			buildConfigurationList = D232322C5AF71A3A36EAE93D /* Build configuration list for PBXProject "Sheep" */;
			developmentRegion = en;
			hasScannedForEncodings = 0;
			knownRegions = (
				Base,
				en,
			);
			mainGroup = C5F07418AF13D20C160E732C;
			minimizedProjectReferenceProxies = 1;
			packageReferences = (
				0780973632184429FB6F2FDD /* XCLocalSwiftPackageReference "Packages/HerdrSDK" */,
			);
			preferredProjectObjectVersion = 77;
			productRefGroup = 5AAB0DDDF8DE74CB5816EDAD /* Products */;
			projectDirPath = "";
			projectRoot = "";
			targets = (
				EBF459FF4724A41A1F7083FF /* Sheep */,
				0F33595B54724108238EB6B1 /* SheepTests */,
			);
		};
/* End PBXProject section */

/* Begin PBXSourcesBuildPhase section */
		1065998D92D2ABB1B8793E33 /* Sources */ = {
			isa = PBXSourcesBuildPhase;
			buildActionMask = 2147483647;
			files = (
				EDD95C5DF2F833C0451CEFB4 /* AgentGroup.swift in Sources */,
				20975096E746279CA224C899 /* AppDelegate.swift in Sources */,
				3CDF910070C1FF8A70078103 /* AppModel.swift in Sources */,
				34E3B6AEA5154A7ED6AEBC00 /* ClosureButton.swift in Sources */,
				1BCF3C7C65EE155F06E9B9C0 /* GhosttyRuntime.swift in Sources */,
				D9707A578EB8AA74B51E2426 /* GhosttySurfaceGeometry.swift in Sources */,
				800E4ED767ECE0B05E095A9C /* GhosttyTerminalView+Callbacks.swift in Sources */,
				150858D7FAA8D42DF3548F50 /* GhosttyTerminalView+Input.swift in Sources */,
				FC46CC918F72EEDC028B645F /* GhosttyTerminalView.swift in Sources */,
				2CD46DC0ACBEF416A30EE03C /* GitStatusProviding.swift in Sources */,
				3152B7B51C559F087E366DAF /* GitStatusService.swift in Sources */,
				0AAFF17D6D974C33C2B78D23 /* GitSummary.swift in Sources */,
				EED5476EDFD33719D7CFE09F /* MainSplitViewController.swift in Sources */,
				0C60C20C8B81CCB76C638A02 /* MainWindowToolbar.swift in Sources */,
				325B1F58EC1D0A21B78B51C0 /* Palette.swift in Sources */,
				6C3FC5FB86D2CC7D64ABB713 /* SidebarRowView.swift in Sources */,
				5A54373DCEC4EBE8CE68A693 /* SidebarViewController.swift in Sources */,
				73F1CDB6290FB8506193157C /* TerminalAreaViewController.swift in Sources */,
				09CA9A04A58EB952FD9E2647 /* TerminalCardView.swift in Sources */,
				9A071485DC97112A86108A3A /* WorkspaceProjection.swift in Sources */,
				71D5EC86D4E854DD4E0F5565 /* WorkspaceTabCoordinator.swift in Sources */,
				965E8678C80B0F049449F3AF /* main.swift in Sources */,
			);
			runOnlyForDeploymentPostprocessing = 0;
		};
		FD3B46C9D6C73BC1CC0843D3 /* Sources */ = {
			isa = PBXSourcesBuildPhase;
			buildActionMask = 2147483647;
			files = (
				A9AA7D904A56BF7D2DB18014 /* AppKitIntegrationTests.swift in Sources */,
				E6B2C9A987C4E5F9369F68FC /* AppearanceTests.swift in Sources */,
				3A302DB3E871E1A84B4D36D4 /* GitSummaryTests.swift in Sources */,
				6098FFFDB4404D557D92675E /* WorkspaceProjectionTests.swift in Sources */,
			);
			runOnlyForDeploymentPostprocessing = 0;
		};
/* End PBXSourcesBuildPhase section */

/* Begin PBXTargetDependency section */
		C1164DCC4B57A097BCB208BE /* PBXTargetDependency */ = {
			isa = PBXTargetDependency;
			target = EBF459FF4724A41A1F7083FF /* Sheep */;
			targetProxy = 8D0A42AB92EED1CDFC42C40F /* PBXContainerItemProxy */;
		};
/* End PBXTargetDependency section */

/* Begin XCBuildConfiguration section */
		191F2254A003364110AF7312 /* Release */ = {
			isa = XCBuildConfiguration;
			buildSettings = {
				BUNDLE_LOADER = "$(TEST_HOST)";
				COMBINE_HIDPI_IMAGES = YES;
				GENERATE_INFOPLIST_FILE = YES;
				LD_RUNPATH_SEARCH_PATHS = (
					"$(inherited)",
					"@executable_path/../Frameworks",
					"@loader_path/../Frameworks",
				);
				PRODUCT_BUNDLE_IDENTIFIER = com.851labs.sheep.tests;
				SDKROOT = macosx;
				TEST_HOST = "$(BUILT_PRODUCTS_DIR)/sheep.app/Contents/MacOS/sheep";
			};
			name = Release;
		};
		2CBC1D45C73F84824C96CEE6 /* Release */ = {
			isa = XCBuildConfiguration;
			buildSettings = {
				ALWAYS_SEARCH_USER_PATHS = NO;
				CLANG_ANALYZER_NONNULL = YES;
				CLANG_ANALYZER_NUMBER_OBJECT_CONVERSION = YES_AGGRESSIVE;
				CLANG_CXX_LANGUAGE_STANDARD = "gnu++14";
				CLANG_CXX_LIBRARY = "libc++";
				CLANG_ENABLE_MODULES = YES;
				CLANG_ENABLE_OBJC_ARC = YES;
				CLANG_ENABLE_OBJC_WEAK = YES;
				CLANG_WARN_BLOCK_CAPTURE_AUTORELEASING = YES;
				CLANG_WARN_BOOL_CONVERSION = YES;
				CLANG_WARN_COMMA = YES;
				CLANG_WARN_CONSTANT_CONVERSION = YES;
				CLANG_WARN_DEPRECATED_OBJC_IMPLEMENTATIONS = YES;
				CLANG_WARN_DIRECT_OBJC_ISA_USAGE = YES_ERROR;
				CLANG_WARN_DOCUMENTATION_COMMENTS = YES;
				CLANG_WARN_EMPTY_BODY = YES;
				CLANG_WARN_ENUM_CONVERSION = YES;
				CLANG_WARN_INFINITE_RECURSION = YES;
				CLANG_WARN_INT_CONVERSION = YES;
				CLANG_WARN_NON_LITERAL_NULL_CONVERSION = YES;
				CLANG_WARN_OBJC_IMPLICIT_RETAIN_SELF = YES;
				CLANG_WARN_OBJC_LITERAL_CONVERSION = YES;
				CLANG_WARN_OBJC_ROOT_CLASS = YES_ERROR;
				CLANG_WARN_QUOTED_INCLUDE_IN_FRAMEWORK_HEADER = YES;
				CLANG_WARN_RANGE_LOOP_ANALYSIS = YES;
				CLANG_WARN_STRICT_PROTOTYPES = YES;
				CLANG_WARN_SUSPICIOUS_MOVE = YES;
				CLANG_WARN_UNGUARDED_AVAILABILITY = YES_AGGRESSIVE;
				CLANG_WARN_UNREACHABLE_CODE = YES;
				CLANG_WARN__DUPLICATE_METHOD_MATCH = YES;
				CODE_SIGNING_ALLOWED = NO;
				COPY_PHASE_STRIP = NO;
				DEBUG_INFORMATION_FORMAT = "dwarf-with-dsym";
				ENABLE_NS_ASSERTIONS = NO;
				ENABLE_STRICT_OBJC_MSGSEND = YES;
				ENABLE_USER_SCRIPT_SANDBOXING = NO;
				GCC_C_LANGUAGE_STANDARD = gnu11;
				GCC_NO_COMMON_BLOCKS = YES;
				GCC_WARN_64_TO_32_BIT_CONVERSION = YES;
				GCC_WARN_ABOUT_RETURN_TYPE = YES_ERROR;
				GCC_WARN_UNDECLARED_SELECTOR = YES;
				GCC_WARN_UNINITIALIZED_AUTOS = YES_AGGRESSIVE;
				GCC_WARN_UNUSED_FUNCTION = YES;
				GCC_WARN_UNUSED_VARIABLE = YES;
				MACOSX_DEPLOYMENT_TARGET = 13.0;
				MTL_ENABLE_DEBUG_INFO = NO;
				MTL_FAST_MATH = YES;
				PRODUCT_NAME = "$(TARGET_NAME)";
				SDKROOT = macosx;
				SWIFT_COMPILATION_MODE = wholemodule;
				SWIFT_OPTIMIZATION_LEVEL = "-O";
				SWIFT_VERSION = 6.0;
			};
			name = Release;
		};
		A4837254BB2FACE434162617 /* Debug */ = {
			isa = XCBuildConfiguration;
			buildSettings = {
				ASSETCATALOG_COMPILER_APPICON_NAME = AppIcon;
				COMBINE_HIDPI_IMAGES = YES;
				ENABLE_DEBUG_DYLIB = NO;
				FRAMEWORK_SEARCH_PATHS = (
					"$(inherited)",
					"\".repos/ghostty/macos\"",
				);
				GENERATE_INFOPLIST_FILE = YES;
				INFOPLIST_KEY_CFBundleDisplayName = sheep;
				INFOPLIST_KEY_LSApplicationCategoryType = "public.app-category.developer-tools";
				INFOPLIST_KEY_NSHumanReadableCopyright = "Copyright © 2026 851 Labs";
				LD_RUNPATH_SEARCH_PATHS = (
					"$(inherited)",
					"@executable_path/../Frameworks",
				);
				OTHER_LDFLAGS = "$(inherited) -lstdc++";
				PRODUCT_BUNDLE_IDENTIFIER = com.851labs.sheep;
				PRODUCT_NAME = sheep;
				SDKROOT = macosx;
			};
			name = Debug;
		};
		AEEA9376B3203BFB83B330FB /* Release */ = {
			isa = XCBuildConfiguration;
			buildSettings = {
				ASSETCATALOG_COMPILER_APPICON_NAME = AppIcon;
				COMBINE_HIDPI_IMAGES = YES;
				ENABLE_DEBUG_DYLIB = NO;
				FRAMEWORK_SEARCH_PATHS = (
					"$(inherited)",
					"\".repos/ghostty/macos\"",
				);
				GENERATE_INFOPLIST_FILE = YES;
				INFOPLIST_KEY_CFBundleDisplayName = sheep;
				INFOPLIST_KEY_LSApplicationCategoryType = "public.app-category.developer-tools";
				INFOPLIST_KEY_NSHumanReadableCopyright = "Copyright © 2026 851 Labs";
				LD_RUNPATH_SEARCH_PATHS = (
					"$(inherited)",
					"@executable_path/../Frameworks",
				);
				OTHER_LDFLAGS = "$(inherited) -lstdc++";
				PRODUCT_BUNDLE_IDENTIFIER = com.851labs.sheep;
				PRODUCT_NAME = sheep;
				SDKROOT = macosx;
			};
			name = Release;
		};
		CB1888B532E5178E7D6725B9 /* Debug */ = {
			isa = XCBuildConfiguration;
			buildSettings = {
				BUNDLE_LOADER = "$(TEST_HOST)";
				COMBINE_HIDPI_IMAGES = YES;
				GENERATE_INFOPLIST_FILE = YES;
				LD_RUNPATH_SEARCH_PATHS = (
					"$(inherited)",
					"@executable_path/../Frameworks",
					"@loader_path/../Frameworks",
				);
				PRODUCT_BUNDLE_IDENTIFIER = com.851labs.sheep.tests;
				SDKROOT = macosx;
				TEST_HOST = "$(BUILT_PRODUCTS_DIR)/sheep.app/Contents/MacOS/sheep";
			};
			name = Debug;
		};
		EF1605F8CB86675BEFFB7240 /* Debug */ = {
			isa = XCBuildConfiguration;
			buildSettings = {
				ALWAYS_SEARCH_USER_PATHS = NO;
				CLANG_ANALYZER_NONNULL = YES;
				CLANG_ANALYZER_NUMBER_OBJECT_CONVERSION = YES_AGGRESSIVE;
				CLANG_CXX_LANGUAGE_STANDARD = "gnu++14";
				CLANG_CXX_LIBRARY = "libc++";
				CLANG_ENABLE_MODULES = YES;
				CLANG_ENABLE_OBJC_ARC = YES;
				CLANG_ENABLE_OBJC_WEAK = YES;
				CLANG_WARN_BLOCK_CAPTURE_AUTORELEASING = YES;
				CLANG_WARN_BOOL_CONVERSION = YES;
				CLANG_WARN_COMMA = YES;
				CLANG_WARN_CONSTANT_CONVERSION = YES;
				CLANG_WARN_DEPRECATED_OBJC_IMPLEMENTATIONS = YES;
				CLANG_WARN_DIRECT_OBJC_ISA_USAGE = YES_ERROR;
				CLANG_WARN_DOCUMENTATION_COMMENTS = YES;
				CLANG_WARN_EMPTY_BODY = YES;
				CLANG_WARN_ENUM_CONVERSION = YES;
				CLANG_WARN_INFINITE_RECURSION = YES;
				CLANG_WARN_INT_CONVERSION = YES;
				CLANG_WARN_NON_LITERAL_NULL_CONVERSION = YES;
				CLANG_WARN_OBJC_IMPLICIT_RETAIN_SELF = YES;
				CLANG_WARN_OBJC_LITERAL_CONVERSION = YES;
				CLANG_WARN_OBJC_ROOT_CLASS = YES_ERROR;
				CLANG_WARN_QUOTED_INCLUDE_IN_FRAMEWORK_HEADER = YES;
				CLANG_WARN_RANGE_LOOP_ANALYSIS = YES;
				CLANG_WARN_STRICT_PROTOTYPES = YES;
				CLANG_WARN_SUSPICIOUS_MOVE = YES;
				CLANG_WARN_UNGUARDED_AVAILABILITY = YES_AGGRESSIVE;
				CLANG_WARN_UNREACHABLE_CODE = YES;
				CLANG_WARN__DUPLICATE_METHOD_MATCH = YES;
				CODE_SIGNING_ALLOWED = NO;
				COPY_PHASE_STRIP = NO;
				DEBUG_INFORMATION_FORMAT = dwarf;
				ENABLE_STRICT_OBJC_MSGSEND = YES;
				ENABLE_TESTABILITY = YES;
				ENABLE_USER_SCRIPT_SANDBOXING = NO;
				GCC_C_LANGUAGE_STANDARD = gnu11;
				GCC_DYNAMIC_NO_PIC = NO;
				GCC_NO_COMMON_BLOCKS = YES;
				GCC_OPTIMIZATION_LEVEL = 0;
				GCC_PREPROCESSOR_DEFINITIONS = (
					"$(inherited)",
					"DEBUG=1",
				);
				GCC_WARN_64_TO_32_BIT_CONVERSION = YES;
				GCC_WARN_ABOUT_RETURN_TYPE = YES_ERROR;
				GCC_WARN_UNDECLARED_SELECTOR = YES;
				GCC_WARN_UNINITIALIZED_AUTOS = YES_AGGRESSIVE;
				GCC_WARN_UNUSED_FUNCTION = YES;
				GCC_WARN_UNUSED_VARIABLE = YES;
				MACOSX_DEPLOYMENT_TARGET = 13.0;
				MTL_ENABLE_DEBUG_INFO = INCLUDE_SOURCE;
				MTL_FAST_MATH = YES;
				ONLY_ACTIVE_ARCH = YES;
				PRODUCT_NAME = "$(TARGET_NAME)";
				SDKROOT = macosx;
				SWIFT_ACTIVE_COMPILATION_CONDITIONS = DEBUG;
				SWIFT_OPTIMIZATION_LEVEL = "-Onone";
				SWIFT_VERSION = 6.0;
			};
			name = Debug;
		};
/* End XCBuildConfiguration section */

/* Begin XCConfigurationList section */
		0C29543101E60BA0684C49EB /* Build configuration list for PBXNativeTarget "SheepTests" */ = {
			isa = XCConfigurationList;
			buildConfigurations = (
				CB1888B532E5178E7D6725B9 /* Debug */,
				191F2254A003364110AF7312 /* Release */,
			);
			defaultConfigurationIsVisible = 0;
			defaultConfigurationName = Debug;
		};
		11C188A337BF73D7CBB36C67 /* Build configuration list for PBXNativeTarget "Sheep" */ = {
			isa = XCConfigurationList;
			buildConfigurations = (
				A4837254BB2FACE434162617 /* Debug */,
				AEEA9376B3203BFB83B330FB /* Release */,
			);
			defaultConfigurationIsVisible = 0;
			defaultConfigurationName = Debug;
		};
		D232322C5AF71A3A36EAE93D /* Build configuration list for PBXProject "Sheep" */ = {
			isa = XCConfigurationList;
			buildConfigurations = (
				EF1605F8CB86675BEFFB7240 /* Debug */,
				2CBC1D45C73F84824C96CEE6 /* Release */,
			);
			defaultConfigurationIsVisible = 0;
			defaultConfigurationName = Debug;
		};
/* End XCConfigurationList section */

/* Begin XCLocalSwiftPackageReference section */
		0780973632184429FB6F2FDD /* XCLocalSwiftPackageReference "Packages/HerdrSDK" */ = {
			isa = XCLocalSwiftPackageReference;
			relativePath = Packages/HerdrSDK;
		};
/* End XCLocalSwiftPackageReference section */

/* Begin XCSwiftPackageProductDependency section */
		8C67A9051645E3250C56549E /* HerdrSDK */ = {
			isa = XCSwiftPackageProductDependency;
			productName = HerdrSDK;
		};
		A56CA0EAF4E47BDDD8E87DA2 /* HerdrSDKLocal */ = {
			isa = XCSwiftPackageProductDependency;
			productName = HerdrSDKLocal;
		};
/* End XCSwiftPackageProductDependency section */
	};
	rootObject = 76EACB87837AA1667F803F03 /* Project object */;
}
